# This file is autogenerated, do not edit; changes may be undone by the next 'dep ensure'.


[[projects]]
  name = "github.com/konsorten/go-windows-terminal-sequences"
  packages = ["."]
  revision = "f55edac94c9bbba5d6182a4be46d86a2c9b5b50e"
  version = "v1.0.2"

[[projects]]
  branch = "master"
  name = "github.com/neocarton/glog"
  packages = ["."]
  revision = "53149ec00b3bbcfe3ea87df6fe21d97768095b5a"

[[projects]]
  branch = "master"
  name = "github.com/neocarton/gsin"
  packages = ["."]
  revision = "d95533573d0c408c0278f848407a87cf31361d56"

[[projects]]
  name = "github.com/sirupsen/logrus"
  packages = ["."]
  revision = "839c75faf7f98a33d445d181f3018b5c3409a45e"
  version = "v1.4.2"

[[projects]]
  branch = "master"
  name = "golang.org/x/sys"
  packages = ["unix"]
  revision = "301114b31cced3624480dfb114ca1b495ec69aa5"

[solve-meta]
  analyzer-name = "dep"
  analyzer-version = 1
  inputs-digest = "80c14d1f7ec9c97e5a5678a94690c9a244923a166c6556ab0e4cb2dbb06250ea"
  solver-name = "gps-cdcl"
  solver-version = 1
